{
  "name": "turkiyem",
  "version": "1.0.0",
  "lockfileVersion": 3,
  "requires": true,
  "packages": {
    "": {
      "name": "turkiyem",
      "version": "1.0.0",
      "license": "MIT",
      "dependencies": {
        "turkey-neighbourhoods": "^4.0.3"
      }
    },
    "node_modules/turkey-neighbourhoods": {
      "version": "4.0.3",
      "resolved": "https://registry.npmjs.org/turkey-neighbourhoods/-/turkey-neighbourhoods-4.0.3.tgz",
      "integrity": "sha512-1d7Az1IO7Sb9l/EcxBjaLMXs40lbPiG5Z+0ZhUL/OKbbW1hd7lrrtoz8HNKJYPSyS0QefnCbXOdTPcCY1u6X0Q==",
      "license": "MIT",
      "funding": {
        "type": "patreon",
        "url": "https://patreon.com/muratgozel"
      }
    }
  }
}
